
Microsoft Visual Studio Solution File, Format Version 12.00
# Visual Studio Version 17
VisualStudioVersion = 17.9.34622.214
MinimumVisualStudioVersion = 10.0.40219.1
Project("{9A19103F-16F7-4668-BE54-9A1E7A4F7556}") = "Company", "Company\Company.csproj", "{451EA259-C567-4617-8DAD-B836A85512BC}"
EndProject
Project("{FAE04EC0-301F-11D3-BF4B-00C04F79EFBC}") = "CompanyTest", "CompanyTests\CompanyTest.csproj", "{2A865FC0-2CED-4DC3-921E-3D74C2374AB4}"
EndProject
Global
	GlobalSection(SolutionConfigurationPlatforms) = preSolution
		Debug|Any CPU = Debug|Any CPU
		Release|Any CPU = Release|Any CPU
	EndGlobalSection
	GlobalSection(ProjectConfigurationPlatforms) = postSolution
		{451EA259-C567-4617-8DAD-B836A85512BC}.Debug|Any CPU.ActiveCfg = Debug|Any CPU
		{451EA259-C567-4617-8DAD-B836A85512BC}.Debug|Any CPU.Build.0 = Debug|Any CPU
		{451EA259-C567-4617-8DAD-B836A85512BC}.Release|Any CPU.ActiveCfg = Release|Any CPU
		{451EA259-C567-4617-8DAD-B836A85512BC}.Release|Any CPU.Build.0 = Release|Any CPU
		{2A865FC0-2CED-4DC3-921E-3D74C2374AB4}.Debug|Any CPU.ActiveCfg = Debug|Any CPU
		{2A865FC0-2CED-4DC3-921E-3D74C2374AB4}.Debug|Any CPU.Build.0 = Debug|Any CPU
		{2A865FC0-2CED-4DC3-921E-3D74C2374AB4}.Release|Any CPU.ActiveCfg = Release|Any CPU
		{2A865FC0-2CED-4DC3-921E-3D74C2374AB4}.Release|Any CPU.Build.0 = Release|Any CPU
	EndGlobalSection
	GlobalSection(SolutionProperties) = preSolution
		HideSolutionNode = FALSE
	EndGlobalSection
	GlobalSection(ExtensibilityGlobals) = postSolution
		SolutionGuid = {2CF8F8B0-8BDA-4CDA-9F4F-AE2C6A5A7370}
	EndGlobalSection
EndGlobal
